speakeasyVersion: 1.551.0
sources:
    Trading Simulator API:
        sourceNamespace: trading-simulator-api
        sourceRevisionDigest: sha256:2b5ec9e03915acd57c4c70e3e7116263cae607228b23074d4d2419591e7e1c16
        sourceBlobDigest: sha256:a3804bf753cff17431441bf03cc4d686dd020967d407519c48931b9dd9029475
        tags:
            - latest
            - 1.0.0
targets:
    api-sdk:
        source: Trading Simulator API
        sourceNamespace: trading-simulator-api
        sourceRevisionDigest: sha256:2b5ec9e03915acd57c4c70e3e7116263cae607228b23074d4d2419591e7e1c16
        sourceBlobDigest: sha256:a3804bf753cff17431441bf03cc4d686dd020967d407519c48931b9dd9029475
        codeSamplesNamespace: trading-simulator-api-typescript-code-samples
        codeSamplesRevisionDigest: sha256:6f53deff6b948561378f0d8fca985a2f5efca0cdf422dc54037a1d9851921851
workflow:
    workflowVersion: 1.0.0
    speakeasyVersion: latest
    sources:
        Trading Simulator API:
            inputs:
                - location: ../../apps/api/openapi/openapi.json
            registry:
                location: registry.speakeasyapi.dev/textile/recall-comp-api/trading-simulator-api
    targets:
        api-sdk:
            target: typescript
            source: Trading Simulator API
            codeSamples:
                registry:
                    location: registry.speakeasyapi.dev/textile/recall-comp-api/trading-simulator-api-typescript-code-samples
                labelOverride:
                    fixedValue: Typescript (SDK)
                blocking: false
