speakeasyVersion: 1.552.0
sources:
    Trading Simulator API:
        sourceNamespace: trading-simulator-api
        sourceRevisionDigest: sha256:1fb521ae604e3a6d658416eafbae540d525a044c9145daaaaaa688daf603f434
        sourceBlobDigest: sha256:87447d8b29670fefa6121c4c23b8bfd52c60dbd0f0fd53305094603db121b619
        tags:
            - latest
            - 1.0.0
targets:
    api-sdk:
        source: Trading Simulator API
        sourceNamespace: trading-simulator-api
        sourceRevisionDigest: sha256:1fb521ae604e3a6d658416eafbae540d525a044c9145daaaaaa688daf603f434
        sourceBlobDigest: sha256:87447d8b29670fefa6121c4c23b8bfd52c60dbd0f0fd53305094603db121b619
workflow:
    workflowVersion: 1.0.0
    speakeasyVersion: latest
    sources:
        Trading Simulator API:
            inputs:
                - location: ../../apps/api/openapi/openapi.json
            registry:
                location: registry.speakeasyapi.dev/textile/recall-comp-api/trading-simulator-api
    targets:
        api-sdk:
            target: typescript
            source: Trading Simulator API
            codeSamples:
                registry:
                    location: registry.speakeasyapi.dev/textile/recall-comp-api/trading-simulator-api-typescript-code-samples
                labelOverride:
                    fixedValue: Typescript (SDK)
                blocking: false
