speakeasyVersion: 1.557.1
sources:
    Trading Simulator API:
        sourceNamespace: trading-simulator-api
        sourceRevisionDigest: sha256:c59b115c156db06aa59cbcd09102bffc185432a0b7f303361c36bacbfe08d7d5
        sourceBlobDigest: sha256:872356c6b06312a10a7826a0bd640b9cb2dd537bf76d7febac4e8e77871d0720
        tags:
            - latest
            - 1.0.0
targets:
    api-sdk:
        source: Trading Simulator API
        sourceNamespace: trading-simulator-api
        sourceRevisionDigest: sha256:c59b115c156db06aa59cbcd09102bffc185432a0b7f303361c36bacbfe08d7d5
        sourceBlobDigest: sha256:872356c6b06312a10a7826a0bd640b9cb2dd537bf76d7febac4e8e77871d0720
workflow:
    workflowVersion: 1.0.0
    speakeasyVersion: latest
    sources:
        Trading Simulator API:
            inputs:
                - location: ../../apps/api/openapi/openapi.json
            registry:
                location: registry.speakeasyapi.dev/textile/recall-comp-api/trading-simulator-api
    targets:
        api-sdk:
            target: typescript
            source: Trading Simulator API
            codeSamples:
                registry:
                    location: registry.speakeasyapi.dev/textile/recall-comp-api/trading-simulator-api-typescript-code-samples
                labelOverride:
                    fixedValue: Typescript (SDK)
                blocking: false
